
Microsoft Visual Studio Solution File, Format Version 12.00
# Visual Studio Version 16
VisualStudioVersion = 16.0.30907.101
MinimumVisualStudioVersion = 10.0.40219.1
Project("{FAE04EC0-301F-11D3-BF4B-00C04F79EFBC}") = "SKinEditer", "SKinEditer.csproj", "{0DB9E147-50B4-4370-93F0-38AEF3033624}"
EndProject
Global
	GlobalSection(SolutionConfigurationPlatforms) = preSolution
		Debug|Any CPU = Debug|Any CPU
		Release|Any CPU = Release|Any CPU
	EndGlobalSection
	GlobalSection(ProjectConfigurationPlatforms) = postSolution
		{0DB9E147-50B4-4370-93F0-38AEF3033624}.Debug|Any CPU.ActiveCfg = Debug|Any CPU
		{0DB9E147-50B4-4370-93F0-38AEF3033624}.Debug|Any CPU.Build.0 = Debug|Any CPU
		{0DB9E147-50B4-4370-93F0-38AEF3033624}.Release|Any CPU.ActiveCfg = Release|Any CPU
		{0DB9E147-50B4-4370-93F0-38AEF3033624}.Release|Any CPU.Build.0 = Release|Any CPU
	EndGlobalSection
	GlobalSection(SolutionProperties) = preSolution
		HideSolutionNode = FALSE
	EndGlobalSection
	GlobalSection(ExtensibilityGlobals) = postSolution
		SolutionGuid = {2EE17365-8A76-4051-B27C-2421287F68D3}
	EndGlobalSection
EndGlobal
